{
  "version": 4,
  "terraform_version": "1.12.2",
  "serial": 110,
  "lineage": "32dc58a2-3499-ede2-f81f-2074eac56405",
  "outputs": {},
  "resources": [
    {
      "mode": "data",
      "type": "aws_elb_service_account",
      "name": "this",
      "provider": "provider[\"registry.terraform.io/hashicorp/aws\"]",
      "instances": [
        {
          "schema_version": 0,
          "attributes": {
            "arn": "arn:aws:iam::127311923021:root",
            "id": "127311923021",
            "region": null
          },
          "sensitive_attributes": [],
          "identity_schema_version": 0
        }
      ]
    },
    {
      "mode": "managed",
      "type": "aws_autoscaling_group",
      "name": "asg_alb",
      "provider": "provider[\"registry.terraform.io/hashicorp/aws\"]",
      "instances": [
        {
          "schema_version": 0,
          "attributes": {
            "arn": "arn:aws:autoscaling:us-east-1:741448930723:autoScalingGroup:5d3bcf82-7003-49c3-8162-5298153fb5f1:autoScalingGroupName/asg_alb-personal-North-Virg-Dev",
            "availability_zones": [
              "us-east-1a",
              "us-east-1b"
            ],
            "capacity_rebalance": false,
            "context": "",
            "default_cooldown": 300,
            "default_instance_warmup": 0,
            "desired_capacity": 2,
            "enabled_metrics": null,
            "force_delete": false,
            "force_delete_warm_pool": false,
            "health_check_grace_period": 600,
            "health_check_type": "ELB",
            "id": "asg_alb-personal-North-Virg-Dev",
            "initial_lifecycle_hook": [],
            "instance_refresh": [],
            "launch_configuration": "",
            "launch_template": [
              {
                "id": "lt-0de21299e612e3ff1",
                "name": "lt-virginia-personal-North-Virg-Dev20251209155211076600000002",
                "version": "$Latest"
              }
            ],
            "load_balancers": null,
            "max_instance_lifetime": 0,
            "max_size": 3,
            "metrics_granularity": "1Minute",
            "min_elb_capacity": null,
            "min_size": 1,
            "mixed_instances_policy": [],
            "name": "asg_alb-personal-North-Virg-Dev",
            "name_prefix": "",
            "placement_group": "",
            "protect_from_scale_in": false,
            "service_linked_role_arn": "arn:aws:iam::741448930723:role/aws-service-role/autoscaling.amazonaws.com/AWSServiceRoleForAutoScaling",
            "suspended_processes": null,
            "tag": [
              {
                "key": "asg",
                "propagate_at_launch": true,
                "value": "asg-instance"
              }
            ],
            "tags": null,
            "target_group_arns": [
              "arn:aws:elasticloadbalancing:us-east-1:741448930723:targetgroup/tg-alb-personal-North-Virg-Dev/7539795bfdfff17c"
            ],
            "termination_policies": null,
            "timeouts": null,
            "vpc_zone_identifier": [
              "subnet-013af6f970eff953d",
              "subnet-04826af4f90f3fee9"
            ],
            "wait_for_capacity_timeout": "10m",
            "wait_for_elb_capacity": null,
            "warm_pool": []
          },
          "sensitive_attributes": [],
          "identity_schema_version": 0,
          "private": "eyJlMmJmYjczMC1lY2FhLTExZTYtOGY4OC0zNDM2M2JjN2M0YzAiOnsiZGVsZXRlIjo2MDAwMDAwMDAwMDAsInVwZGF0ZSI6NjAwMDAwMDAwMDAwfX0=",
          "dependencies": [
            "aws_launch_template.template_virgina",
            "aws_lb_target_group.tg_alb",
            "aws_security_group.sg_alb",
            "aws_security_group.sg_asg",
            "aws_subnet.public_subnet",
            "aws_vpc.vpc_virginia",
            "module.cw_logs.aws_cloudwatch_log_group.asg_logs",
            "module.cw_logs.aws_iam_instance_profile.ec2_cw_agent_profile",
            "module.cw_logs.aws_iam_role.ec2_cw_agent"
          ]
        }
      ]
    },
    {
      "mode": "managed",
      "type": "aws_internet_gateway",
      "name": "igw",
      "provider": "provider[\"registry.terraform.io/hashicorp/aws\"]",
      "instances": [
        {
          "schema_version": 0,
          "attributes": {
            "arn": "arn:aws:ec2:us-east-1:741448930723:internet-gateway/igw-0a751c06b95fb4b9f",
            "id": "igw-0a751c06b95fb4b9f",
            "owner_id": "741448930723",
            "tags": {
              "Name": "IGW vpc virginia-personal-North-Virg-Dev"
            },
            "tags_all": {
              "IAC": "Terraform",
              "IAC_version": "v1.12.2",
              "Name": "IGW vpc virginia-personal-North-Virg-Dev",
              "cloud": "AWS",
              "env": "Dev",
              "owner": "Marce",
              "proyecto": "personal",
              "region": "North-Virg"
            },
            "timeouts": null,
            "vpc_id": "vpc-03d806ad396aefba5"
          },
          "sensitive_attributes": [],
          "identity_schema_version": 0,
          "private": "eyJlMmJmYjczMC1lY2FhLTExZTYtOGY4OC0zNDM2M2JjN2M0YzAiOnsiY3JlYXRlIjoxMjAwMDAwMDAwMDAwLCJkZWxldGUiOjEyMDAwMDAwMDAwMDAsInVwZGF0ZSI6MTIwMDAwMDAwMDAwMH19",
          "dependencies": [
            "aws_vpc.vpc_virginia"
          ]
        }
      ]
    },
    {
      "mode": "managed",
      "type": "aws_launch_template",
      "name": "template_virgina",
      "provider": "provider[\"registry.terraform.io/hashicorp/aws\"]",
      "instances": [
        {
          "schema_version": 0,
          "attributes": {
            "arn": "arn:aws:ec2:us-east-1:741448930723:launch-template/lt-0de21299e612e3ff1",
            "block_device_mappings": [],
            "capacity_reservation_specification": [],
            "cpu_options": [],
            "credit_specification": [],
            "default_version": 1,
            "description": "",
            "disable_api_stop": false,
            "disable_api_termination": false,
            "ebs_optimized": "",
            "elastic_gpu_specifications": [],
            "elastic_inference_accelerator": [],
            "enclave_options": [],
            "hibernation_options": [],
            "iam_instance_profile": [
              {
                "arn": "",
                "name": "ec2-cloudwatch-agent-profile"
              }
            ],
            "id": "lt-0de21299e612e3ff1",
            "image_id": "ami-0cbbe2c6a1bb2ad63",
            "instance_initiated_shutdown_behavior": "",
            "instance_market_options": [],
            "instance_requirements": [],
            "instance_type": "t2.micro",
            "kernel_id": "",
            "key_name": "",
            "latest_version": 1,
            "license_specification": [],
            "maintenance_options": [],
            "metadata_options": [],
            "monitoring": [],
            "name": "lt-virginia-personal-North-Virg-Dev20251209155211076600000002",
            "name_prefix": "lt-virginia-personal-North-Virg-Dev",
            "network_interfaces": [
              {
                "associate_carrier_ip_address": "",
                "associate_public_ip_address": "",
                "delete_on_termination": "",
                "description": "",
                "device_index": 0,
                "interface_type": "",
                "ipv4_address_count": 0,
                "ipv4_addresses": null,
                "ipv4_prefix_count": 0,
                "ipv4_prefixes": null,
                "ipv6_address_count": 0,
                "ipv6_addresses": null,
                "ipv6_prefix_count": 0,
                "ipv6_prefixes": null,
                "network_card_index": 0,
                "network_interface_id": "",
                "private_ip_address": "",
                "security_groups": [
                  "sg-032e77cf14c52e710"
                ],
                "subnet_id": ""
              }
            ],
            "placement": [],
            "private_dns_name_options": [],
            "ram_disk_id": "",
            "security_group_names": null,
            "tag_specifications": [],
            "tags": null,
            "tags_all": {
              "IAC": "Terraform",
              "IAC_version": "v1.12.2",
              "cloud": "AWS",
              "env": "Dev",
              "owner": "Marce",
              "proyecto": "personal",
              "region": "North-Virg"
            },
            "update_default_version": null,
            "user_data": "IyEvYmluL2Jhc2gKc2V0IC14ZQoKIyMjIyMjIyMjIyMjIyMjIyMjIyMjIyMjIyMjIyMjIyMjIyMjIyMjIwojIEFjdHVhbGl6YXIgcGFxdWV0ZXMKIyMjIyMjIyMjIyMjIyMjIyMjIyMjIyMjIyMjIyMjIyMjIyMjIyMjIwpkbmYgdXBkYXRlIC15CgojIyMjIyMjIyMjIyMjIyMjIyMjIyMjIyMjIyMjIyMjIyMjIyMjIyMjCiMgSW5zdGFsYXIgTmdpbngKIyMjIyMjIyMjIyMjIyMjIyMjIyMjIyMjIyMjIyMjIyMjIyMjIyMjIwpkbmYgaW5zdGFsbCAteSBuZ2lueAoKIyBIYWJpbGl0YXIgeSBhcnJhbmNhciBOZ2lueApzeXN0ZW1jdGwgZW5hYmxlIG5naW54CnN5c3RlbWN0bCBzdGFydCBuZ2lueAoKIyBBc2VndXJhbW9zIHF1ZSBleGlzdGUgZWwgZGlyZWN0b3JpbyBkZSBsb2dzIGRlIG5naW54Cm1rZGlyIC1wIC92YXIvbG9nL25naW54CgojIFJlaW5pY2lhciBwYXJhIGFzZWd1cmFybm9zIGRlIHF1ZSBsb3MgbG9ncyBleGlzdGVuIGFudGVzIGRlbCBDbG91ZFdhdGNoIEFnZW50CnN5c3RlbWN0bCByZXN0YXJ0IG5naW54CgojIENyZWFyIGRpcmVjdG9yaW8gZGUgaHRtbCBwb3Igc2kgYcO6biBubyBleGlzdGUKbWtkaXIgLXAgL3Vzci9zaGFyZS9uZ2lueC9odG1sCgojIENyZWFyIHDDoWdpbmEgZGUgaW5pY2lvCmVjaG8gIkhvbGEgZGVzZGUgTmdpbngiID4gL3Vzci9zaGFyZS9uZ2lueC9odG1sL2luZGV4Lmh0bWwKCiMjIyMjIyMjIyMjIyMjIyMjIyMjIyMjIyMjIyMjIyMjIyMjIyMjIyMKIyBJbnN0YWxhciBDbG91ZFdhdGNoIEFnZW50CiMjIyMjIyMjIyMjIyMjIyMjIyMjIyMjIyMjIyMjIyMjIyMjIyMjIyMKZG5mIGluc3RhbGwgLXkgYW1hem9uLWNsb3Vkd2F0Y2gtYWdlbnQKCiMgQ3JlYXIgZGlyZWN0b3Jpb3MgbmVjZXNhcmlvcyAobXV5IGltcG9ydGFudGUgZW4gQUwyMDIzKQpta2RpciAtcCAvb3B0L2F3cy9hbWF6b24tY2xvdWR3YXRjaC1hZ2VudC9ldGMvCgojIyMjIyMjIyMjIyMjIyMjIyMjIyMjIyMjIyMjIyMjIyMjIyMjIyMjCiMgQ29uZmlndXJhY2nDs24gZGUgQ2xvdWRXYXRjaCBBZ2VudAojIyMjIyMjIyMjIyMjIyMjIyMjIyMjIyMjIyMjIyMjIyMjIyMjIyMjCmNhdCA8PEVPRiA+L29wdC9hd3MvYW1hem9uLWNsb3Vkd2F0Y2gtYWdlbnQvZXRjL2FtYXpvbi1jbG91ZHdhdGNoLWFnZW50Lmpzb24KewogICJsb2dzIjogewogICAgImxvZ3NfY29sbGVjdGVkIjogewogICAgICAiZmlsZXMiOiB7CiAgICAgICAgImNvbGxlY3RfbGlzdCI6IFsKICAgICAgICAgIHsKICAgICAgICAgICAgImZpbGVfcGF0aCI6ICIvdmFyL2xvZy9tZXNzYWdlcyIsCiAgICAgICAgICAgICJsb2dfZ3JvdXBfbmFtZSI6ICIvZWNzL2FzZy9pbnN0YW5jZSIsCiAgICAgICAgICAgICJsb2dfc3RyZWFtX25hbWUiOiAie2luc3RhbmNlX2lkfS1zeXN0ZW0iLAogICAgICAgICAgICAidGltZXN0YW1wX2Zvcm1hdCI6ICIlYiAlZCAlSDolTTolUyIKICAgICAgICAgIH0sCiAgICAgICAgICB7CiAgICAgICAgICAgICJmaWxlX3BhdGgiOiAiL3Zhci9sb2cvbmdpbngvYWNjZXNzLmxvZyIsCiAgICAgICAgICAgICJsb2dfZ3JvdXBfbmFtZSI6ICIvZWNzL2FzZy9pbnN0YW5jZSIsCiAgICAgICAgICAgICJsb2dfc3RyZWFtX25hbWUiOiAie2luc3RhbmNlX2lkfS1uZ2lueC1hY2Nlc3MiLAogICAgICAgICAgICAidGltZXN0YW1wX2Zvcm1hdCI6ICIlZC8lYi8lWTolSDolTTolUyAleiIKICAgICAgICAgIH0sCiAgICAgICAgICB7CiAgICAgICAgICAgICJmaWxlX3BhdGgiOiAiL3Zhci9sb2cvbmdpbngvZXJyb3IubG9nIiwKICAgICAgICAgICAgImxvZ19ncm91cF9uYW1lIjogIi9lY3MvYXNnL2luc3RhbmNlIiwKICAgICAgICAgICAgImxvZ19zdHJlYW1fbmFtZSI6ICJ7aW5zdGFuY2VfaWR9LW5naW54LWVycm9yIiwKICAgICAgICAgICAgInRpbWVzdGFtcF9mb3JtYXQiOiAiJVkvJW0vJWQgJUg6JU06JVMiCiAgICAgICAgICB9CiAgICAgICAgXQogICAgICB9CiAgICB9CiAgfQp9CkVPRgoKIyBQZXJtaXNvcwpjaG1vZCA2NDQgL29wdC9hd3MvYW1hem9uLWNsb3Vkd2F0Y2gtYWdlbnQvZXRjL2FtYXpvbi1jbG91ZHdhdGNoLWFnZW50Lmpzb24KCiMjIyMjIyMjIyMjIyMjIyMjIyMjIyMjIyMjIyMjIyMjIyMjIyMjIyMKIyBJbmljaWFyIENsb3VkV2F0Y2ggQWdlbnQKIyMjIyMjIyMjIyMjIyMjIyMjIyMjIyMjIyMjIyMjIyMjIyMjIyMjIwpzeXN0ZW1jdGwgZW5hYmxlIGFtYXpvbi1jbG91ZHdhdGNoLWFnZW50CnN5c3RlbWN0bCByZXN0YXJ0IGFtYXpvbi1jbG91ZHdhdGNoLWFnZW50Cg==",
            "vpc_security_group_ids": null
          },
          "sensitive_attributes": [],
          "identity_schema_version": 0,
          "private": "bnVsbA==",
          "dependencies": [
            "aws_security_group.sg_alb",
            "aws_security_group.sg_asg",
            "aws_vpc.vpc_virginia",
            "module.cw_logs.aws_cloudwatch_log_group.asg_logs",
            "module.cw_logs.aws_iam_instance_profile.ec2_cw_agent_profile",
            "module.cw_logs.aws_iam_role.ec2_cw_agent"
          ]
        }
      ]
    },
    {
      "mode": "managed",
      "type": "aws_lb",
      "name": "alb_virginia",
      "provider": "provider[\"registry.terraform.io/hashicorp/aws\"]",
      "instances": [
        {
          "schema_version": 0,
          "attributes": {
            "access_logs": [
              {
                "bucket": "alb-logs-personaloa6i",
                "enabled": true,
                "prefix": "alb"
              }
            ],
            "arn": "arn:aws:elasticloadbalancing:us-east-1:741448930723:loadbalancer/app/alb-virg-personal-North-Virg-Dev/734c9914b19c8fff",
            "arn_suffix": "app/alb-virg-personal-North-Virg-Dev/734c9914b19c8fff",
            "customer_owned_ipv4_pool": "",
            "desync_mitigation_mode": "defensive",
            "dns_name": "alb-virg-personal-North-Virg-Dev-794390281.us-east-1.elb.amazonaws.com",
            "drop_invalid_header_fields": false,
            "enable_cross_zone_load_balancing": true,
            "enable_deletion_protection": false,
            "enable_http2": true,
            "enable_waf_fail_open": false,
            "id": "arn:aws:elasticloadbalancing:us-east-1:741448930723:loadbalancer/app/alb-virg-personal-North-Virg-Dev/734c9914b19c8fff",
            "idle_timeout": 60,
            "internal": false,
            "ip_address_type": "ipv4",
            "load_balancer_type": "application",
            "name": "alb-virg-personal-North-Virg-Dev",
            "name_prefix": null,
            "preserve_host_header": false,
            "security_groups": [
              "sg-036a0ddff4acacd20"
            ],
            "subnet_mapping": [
              {
                "allocation_id": "",
                "ipv6_address": "",
                "outpost_id": "",
                "private_ipv4_address": "",
                "subnet_id": "subnet-013af6f970eff953d"
              },
              {
                "allocation_id": "",
                "ipv6_address": "",
                "outpost_id": "",
                "private_ipv4_address": "",
                "subnet_id": "subnet-04826af4f90f3fee9"
              }
            ],
            "subnets": [
              "subnet-013af6f970eff953d",
              "subnet-04826af4f90f3fee9"
            ],
            "tags": null,
            "tags_all": {
              "IAC": "Terraform",
              "IAC_version": "v1.12.2",
              "cloud": "AWS",
              "env": "Dev",
              "owner": "Marce",
              "proyecto": "personal",
              "region": "North-Virg"
            },
            "timeouts": null,
            "vpc_id": "vpc-03d806ad396aefba5",
            "zone_id": "Z35SXDOTRQ7X7K"
          },
          "sensitive_attributes": [],
          "identity_schema_version": 0,
          "private": "eyJlMmJmYjczMC1lY2FhLTExZTYtOGY4OC0zNDM2M2JjN2M0YzAiOnsiY3JlYXRlIjo2MDAwMDAwMDAwMDAsImRlbGV0ZSI6NjAwMDAwMDAwMDAwLCJ1cGRhdGUiOjYwMDAwMDAwMDAwMH19",
          "dependencies": [
            "aws_s3_bucket.alb_logs",
            "aws_security_group.sg_alb",
            "aws_subnet.public_subnet",
            "aws_vpc.vpc_virginia",
            "random_string.sufijo-s3"
          ]
        }
      ]
    },
    {
      "mode": "managed",
      "type": "aws_lb_listener",
      "name": "lb_listener",
      "provider": "provider[\"registry.terraform.io/hashicorp/aws\"]",
      "instances": [
        {
          "schema_version": 0,
          "attributes": {
            "alpn_policy": null,
            "arn": "arn:aws:elasticloadbalancing:us-east-1:741448930723:listener/app/alb-virg-personal-North-Virg-Dev/734c9914b19c8fff/ff3605f47dabac4a",
            "certificate_arn": null,
            "default_action": [
              {
                "authenticate_cognito": [],
                "authenticate_oidc": [],
                "fixed_response": [],
                "forward": [],
                "order": 1,
                "redirect": [],
                "target_group_arn": "arn:aws:elasticloadbalancing:us-east-1:741448930723:targetgroup/tg-alb-personal-North-Virg-Dev/7539795bfdfff17c",
                "type": "forward"
              }
            ],
            "id": "arn:aws:elasticloadbalancing:us-east-1:741448930723:listener/app/alb-virg-personal-North-Virg-Dev/734c9914b19c8fff/ff3605f47dabac4a",
            "load_balancer_arn": "arn:aws:elasticloadbalancing:us-east-1:741448930723:loadbalancer/app/alb-virg-personal-North-Virg-Dev/734c9914b19c8fff",
            "port": 80,
            "protocol": "HTTP",
            "ssl_policy": "",
            "tags": null,
            "tags_all": {
              "IAC": "Terraform",
              "IAC_version": "v1.12.2",
              "cloud": "AWS",
              "env": "Dev",
              "owner": "Marce",
              "proyecto": "personal",
              "region": "North-Virg"
            },
            "timeouts": null
          },
          "sensitive_attributes": [],
          "identity_schema_version": 0,
          "private": "eyJlMmJmYjczMC1lY2FhLTExZTYtOGY4OC0zNDM2M2JjN2M0YzAiOnsicmVhZCI6NjAwMDAwMDAwMDAwfX0=",
          "dependencies": [
            "aws_lb.alb_virginia",
            "aws_lb_target_group.tg_alb",
            "aws_s3_bucket.alb_logs",
            "aws_security_group.sg_alb",
            "aws_subnet.public_subnet",
            "aws_vpc.vpc_virginia",
            "random_string.sufijo-s3"
          ]
        }
      ]
    },
    {
      "mode": "managed",
      "type": "aws_lb_target_group",
      "name": "tg_alb",
      "provider": "provider[\"registry.terraform.io/hashicorp/aws\"]",
      "instances": [
        {
          "schema_version": 0,
          "attributes": {
            "arn": "arn:aws:elasticloadbalancing:us-east-1:741448930723:targetgroup/tg-alb-personal-North-Virg-Dev/7539795bfdfff17c",
            "arn_suffix": "targetgroup/tg-alb-personal-North-Virg-Dev/7539795bfdfff17c",
            "connection_termination": false,
            "deregistration_delay": "300",
            "health_check": [
              {
                "enabled": true,
                "healthy_threshold": 2,
                "interval": 30,
                "matcher": "200",
                "path": "/",
                "port": "traffic-port",
                "protocol": "HTTP",
                "timeout": 5,
                "unhealthy_threshold": 2
              }
            ],
            "id": "arn:aws:elasticloadbalancing:us-east-1:741448930723:targetgroup/tg-alb-personal-North-Virg-Dev/7539795bfdfff17c",
            "ip_address_type": "ipv4",
            "lambda_multi_value_headers_enabled": false,
            "load_balancing_algorithm_type": "round_robin",
            "name": "tg-alb-personal-North-Virg-Dev",
            "name_prefix": null,
            "port": 80,
            "preserve_client_ip": null,
            "protocol": "HTTP",
            "protocol_version": "HTTP1",
            "proxy_protocol_v2": false,
            "slow_start": 0,
            "stickiness": [
              {
                "cookie_duration": 86400,
                "cookie_name": "",
                "enabled": false,
                "type": "lb_cookie"
              }
            ],
            "tags": null,
            "tags_all": {
              "IAC": "Terraform",
              "IAC_version": "v1.12.2",
              "cloud": "AWS",
              "env": "Dev",
              "owner": "Marce",
              "proyecto": "personal",
              "region": "North-Virg"
            },
            "target_failover": [
              {
                "on_deregistration": null,
                "on_unhealthy": null
              }
            ],
            "target_type": "instance",
            "vpc_id": "vpc-03d806ad396aefba5"
          },
          "sensitive_attributes": [],
          "identity_schema_version": 0,
          "private": "bnVsbA==",
          "dependencies": [
            "aws_vpc.vpc_virginia"
          ]
        }
      ]
    },
    {
      "mode": "managed",
      "type": "aws_route_table",
      "name": "public_crt",
      "provider": "provider[\"registry.terraform.io/hashicorp/aws\"]",
      "instances": [
        {
          "schema_version": 0,
          "attributes": {
            "arn": "arn:aws:ec2:us-east-1:741448930723:route-table/rtb-0fd38f4e88087b87f",
            "id": "rtb-0fd38f4e88087b87f",
            "owner_id": "741448930723",
            "propagating_vgws": [],
            "route": [
              {
                "carrier_gateway_id": "",
                "cidr_block": "0.0.0.0/0",
                "core_network_arn": "",
                "destination_prefix_list_id": "",
                "egress_only_gateway_id": "",
                "gateway_id": "igw-0a751c06b95fb4b9f",
                "instance_id": "",
                "ipv6_cidr_block": "",
                "local_gateway_id": "",
                "nat_gateway_id": "",
                "network_interface_id": "",
                "transit_gateway_id": "",
                "vpc_endpoint_id": "",
                "vpc_peering_connection_id": ""
              }
            ],
            "tags": {
              "Name": "public_crt-personal-North-Virg-Dev"
            },
            "tags_all": {
              "IAC": "Terraform",
              "IAC_version": "v1.12.2",
              "Name": "public_crt-personal-North-Virg-Dev",
              "cloud": "AWS",
              "env": "Dev",
              "owner": "Marce",
              "proyecto": "personal",
              "region": "North-Virg"
            },
            "timeouts": null,
            "vpc_id": "vpc-03d806ad396aefba5"
          },
          "sensitive_attributes": [],
          "identity_schema_version": 0,
          "private": "eyJlMmJmYjczMC1lY2FhLTExZTYtOGY4OC0zNDM2M2JjN2M0YzAiOnsiY3JlYXRlIjozMDAwMDAwMDAwMDAsImRlbGV0ZSI6MzAwMDAwMDAwMDAwLCJ1cGRhdGUiOjEyMDAwMDAwMDAwMH19",
          "dependencies": [
            "aws_internet_gateway.igw",
            "aws_vpc.vpc_virginia"
          ]
        }
      ]
    },
    {
      "mode": "managed",
      "type": "aws_route_table_association",
      "name": "crta_public_subnet",
      "provider": "provider[\"registry.terraform.io/hashicorp/aws\"]",
      "instances": [
        {
          "index_key": 0,
          "schema_version": 0,
          "attributes": {
            "gateway_id": "",
            "id": "rtbassoc-0d0dfd254cbc1f89d",
            "route_table_id": "rtb-0fd38f4e88087b87f",
            "subnet_id": "subnet-013af6f970eff953d"
          },
          "sensitive_attributes": [],
          "identity_schema_version": 0,
          "private": "bnVsbA==",
          "dependencies": [
            "aws_internet_gateway.igw",
            "aws_route_table.public_crt",
            "aws_subnet.public_subnet",
            "aws_vpc.vpc_virginia"
          ]
        },
        {
          "index_key": 1,
          "schema_version": 0,
          "attributes": {
            "gateway_id": "",
            "id": "rtbassoc-0ab5c6a491c987216",
            "route_table_id": "rtb-0fd38f4e88087b87f",
            "subnet_id": "subnet-04826af4f90f3fee9"
          },
          "sensitive_attributes": [],
          "identity_schema_version": 0,
          "private": "bnVsbA==",
          "dependencies": [
            "aws_internet_gateway.igw",
            "aws_route_table.public_crt",
            "aws_subnet.public_subnet",
            "aws_vpc.vpc_virginia"
          ]
        }
      ]
    },
    {
      "mode": "managed",
      "type": "aws_s3_bucket",
      "name": "alb_logs",
      "provider": "provider[\"registry.terraform.io/hashicorp/aws\"]",
      "instances": [
        {
          "schema_version": 0,
          "attributes": {
            "acceleration_status": "",
            "acl": null,
            "arn": "arn:aws:s3:::alb-logs-personaloa6i",
            "bucket": "alb-logs-personaloa6i",
            "bucket_domain_name": "alb-logs-personaloa6i.s3.amazonaws.com",
            "bucket_prefix": null,
            "bucket_regional_domain_name": "alb-logs-personaloa6i.s3.amazonaws.com",
            "cors_rule": [],
            "force_destroy": false,
            "grant": [
              {
                "id": "eed0d828d80d3c95c1eb11498fdaf45dd15cf6ceaac878e560a61e081202ae60",
                "permissions": [
                  "FULL_CONTROL"
                ],
                "type": "CanonicalUser",
                "uri": ""
              }
            ],
            "hosted_zone_id": "Z3AQBSTGFYJSTF",
            "id": "alb-logs-personaloa6i",
            "lifecycle_rule": [],
            "logging": [],
            "object_lock_configuration": [],
            "object_lock_enabled": false,
            "policy": "",
            "region": "us-east-1",
            "replication_configuration": [],
            "request_payer": "BucketOwner",
            "server_side_encryption_configuration": [
              {
                "rule": [
                  {
                    "apply_server_side_encryption_by_default": [
                      {
                        "kms_master_key_id": "",
                        "sse_algorithm": "AES256"
                      }
                    ],
                    "bucket_key_enabled": false
                  }
                ]
              }
            ],
            "tags": null,
            "tags_all": {
              "IAC": "Terraform",
              "IAC_version": "v1.12.2",
              "cloud": "AWS",
              "env": "Dev",
              "owner": "Marce",
              "proyecto": "personal",
              "region": "North-Virg"
            },
            "timeouts": null,
            "versioning": [
              {
                "enabled": false,
                "mfa_delete": false
              }
            ],
            "website": [],
            "website_domain": null,
            "website_endpoint": null
          },
          "sensitive_attributes": [],
          "identity_schema_version": 0,
          "private": "eyJlMmJmYjczMC1lY2FhLTExZTYtOGY4OC0zNDM2M2JjN2M0YzAiOnsiY3JlYXRlIjoxMjAwMDAwMDAwMDAwLCJkZWxldGUiOjM2MDAwMDAwMDAwMDAsInJlYWQiOjEyMDAwMDAwMDAwMDAsInVwZGF0ZSI6MTIwMDAwMDAwMDAwMH19",
          "dependencies": [
            "random_string.sufijo-s3"
          ]
        }
      ]
    },
    {
      "mode": "managed",
      "type": "aws_s3_bucket_policy",
      "name": "alb_logs",
      "provider": "provider[\"registry.terraform.io/hashicorp/aws\"]",
      "instances": [
        {
          "schema_version": 0,
          "attributes": {
            "bucket": "alb-logs-personaloa6i",
            "id": "alb-logs-personaloa6i",
            "policy": "{\"Statement\":[{\"Action\":\"s3:PutObject\",\"Effect\":\"Allow\",\"Principal\":{\"AWS\":\"arn:aws:iam::127311923021:root\"},\"Resource\":\"arn:aws:s3:::alb-logs-personaloa6i/*\"}],\"Version\":\"2012-10-17\"}"
          },
          "sensitive_attributes": [],
          "identity_schema_version": 0,
          "private": "bnVsbA==",
          "dependencies": [
            "aws_s3_bucket.alb_logs",
            "data.aws_elb_service_account.this",
            "random_string.sufijo-s3"
          ]
        }
      ]
    },
    {
      "mode": "managed",
      "type": "aws_s3_bucket_public_access_block",
      "name": "alb_logs",
      "provider": "provider[\"registry.terraform.io/hashicorp/aws\"]",
      "instances": [
        {
          "schema_version": 0,
          "attributes": {
            "block_public_acls": true,
            "block_public_policy": true,
            "bucket": "alb-logs-personaloa6i",
            "id": "alb-logs-personaloa6i",
            "ignore_public_acls": true,
            "restrict_public_buckets": true
          },
          "sensitive_attributes": [],
          "identity_schema_version": 0,
          "private": "bnVsbA==",
          "dependencies": [
            "aws_s3_bucket.alb_logs",
            "random_string.sufijo-s3"
          ]
        }
      ]
    },
    {
      "mode": "managed",
      "type": "aws_security_group",
      "name": "sg_alb",
      "provider": "provider[\"registry.terraform.io/hashicorp/aws\"]",
      "instances": [
        {
          "schema_version": 1,
          "attributes": {
            "arn": "arn:aws:ec2:us-east-1:741448930723:security-group/sg-036a0ddff4acacd20",
            "description": "Allow incoming HTTP traffic to ALB",
            "egress": [
              {
                "cidr_blocks": [
                  "0.0.0.0/0"
                ],
                "description": "",
                "from_port": 0,
                "ipv6_cidr_blocks": [],
                "prefix_list_ids": [],
                "protocol": "-1",
                "security_groups": [],
                "self": false,
                "to_port": 0
              }
            ],
            "id": "sg-036a0ddff4acacd20",
            "ingress": [
              {
                "cidr_blocks": [
                  "0.0.0.0/0"
                ],
                "description": "Allow HTTP traffic from anywhere",
                "from_port": 80,
                "ipv6_cidr_blocks": [],
                "prefix_list_ids": [],
                "protocol": "tcp",
                "security_groups": [],
                "self": false,
                "to_port": 80
              }
            ],
            "name": "sg_alb-personal-North-Virg-Dev",
            "name_prefix": "",
            "owner_id": "741448930723",
            "revoke_rules_on_delete": false,
            "tags": {
              "Name": "sg-alb-personal-North-Virg-Dev"
            },
            "tags_all": {
              "IAC": "Terraform",
              "IAC_version": "v1.12.2",
              "Name": "sg-alb-personal-North-Virg-Dev",
              "cloud": "AWS",
              "env": "Dev",
              "owner": "Marce",
              "proyecto": "personal",
              "region": "North-Virg"
            },
            "timeouts": null,
            "vpc_id": "vpc-03d806ad396aefba5"
          },
          "sensitive_attributes": [],
          "identity_schema_version": 0,
          "private": "eyJlMmJmYjczMC1lY2FhLTExZTYtOGY4OC0zNDM2M2JjN2M0YzAiOnsiY3JlYXRlIjo2MDAwMDAwMDAwMDAsImRlbGV0ZSI6OTAwMDAwMDAwMDAwfSwic2NoZW1hX3ZlcnNpb24iOiIxIn0=",
          "dependencies": [
            "aws_vpc.vpc_virginia"
          ]
        }
      ]
    },
    {
      "mode": "managed",
      "type": "aws_security_group",
      "name": "sg_asg",
      "provider": "provider[\"registry.terraform.io/hashicorp/aws\"]",
      "instances": [
        {
          "schema_version": 1,
          "attributes": {
            "arn": "arn:aws:ec2:us-east-1:741448930723:security-group/sg-032e77cf14c52e710",
            "description": "Allow traffic only from ALB",
            "egress": [
              {
                "cidr_blocks": [
                  "0.0.0.0/0"
                ],
                "description": "",
                "from_port": 0,
                "ipv6_cidr_blocks": [],
                "prefix_list_ids": [],
                "protocol": "-1",
                "security_groups": [],
                "self": false,
                "to_port": 0
              }
            ],
            "id": "sg-032e77cf14c52e710",
            "ingress": [
              {
                "cidr_blocks": [
                  "0.0.0.0/0"
                ],
                "description": "Allow SSH for admin",
                "from_port": 22,
                "ipv6_cidr_blocks": [],
                "prefix_list_ids": [],
                "protocol": "tcp",
                "security_groups": [],
                "self": false,
                "to_port": 22
              },
              {
                "cidr_blocks": [],
                "description": "Allow HTTP traffic only from the ALB SG",
                "from_port": 80,
                "ipv6_cidr_blocks": [],
                "prefix_list_ids": [],
                "protocol": "tcp",
                "security_groups": [
                  "sg-036a0ddff4acacd20"
                ],
                "self": false,
                "to_port": 80
              }
            ],
            "name": "sg_asg-personal-North-Virg-Dev",
            "name_prefix": "",
            "owner_id": "741448930723",
            "revoke_rules_on_delete": false,
            "tags": {
              "Name": "sg-asg-personal-North-Virg-Dev"
            },
            "tags_all": {
              "IAC": "Terraform",
              "IAC_version": "v1.12.2",
              "Name": "sg-asg-personal-North-Virg-Dev",
              "cloud": "AWS",
              "env": "Dev",
              "owner": "Marce",
              "proyecto": "personal",
              "region": "North-Virg"
            },
            "timeouts": null,
            "vpc_id": "vpc-03d806ad396aefba5"
          },
          "sensitive_attributes": [],
          "identity_schema_version": 0,
          "private": "eyJlMmJmYjczMC1lY2FhLTExZTYtOGY4OC0zNDM2M2JjN2M0YzAiOnsiY3JlYXRlIjo2MDAwMDAwMDAwMDAsImRlbGV0ZSI6OTAwMDAwMDAwMDAwfSwic2NoZW1hX3ZlcnNpb24iOiIxIn0=",
          "dependencies": [
            "aws_security_group.sg_alb",
            "aws_vpc.vpc_virginia"
          ]
        }
      ]
    },
    {
      "mode": "managed",
      "type": "aws_subnet",
      "name": "private_subnet",
      "provider": "provider[\"registry.terraform.io/hashicorp/aws\"]",
      "instances": [
        {
          "index_key": 0,
          "schema_version": 1,
          "attributes": {
            "arn": "arn:aws:ec2:us-east-1:741448930723:subnet/subnet-06b58d94be9c6b551",
            "assign_ipv6_address_on_creation": false,
            "availability_zone": "us-east-1b",
            "availability_zone_id": "use1-az1",
            "cidr_block": "10.10.50.0/24",
            "customer_owned_ipv4_pool": "",
            "enable_dns64": false,
            "enable_resource_name_dns_a_record_on_launch": false,
            "enable_resource_name_dns_aaaa_record_on_launch": false,
            "id": "subnet-06b58d94be9c6b551",
            "ipv6_cidr_block": "",
            "ipv6_cidr_block_association_id": "",
            "ipv6_native": false,
            "map_customer_owned_ip_on_launch": false,
            "map_public_ip_on_launch": false,
            "outpost_arn": "",
            "owner_id": "741448930723",
            "private_dns_hostname_type_on_launch": "ip-name",
            "tags": {
              "Name": "public-us-east-1a-personal-North-Virg-Dev"
            },
            "tags_all": {
              "IAC": "Terraform",
              "IAC_version": "v1.12.2",
              "Name": "public-us-east-1a-personal-North-Virg-Dev",
              "cloud": "AWS",
              "env": "Dev",
              "owner": "Marce",
              "proyecto": "personal",
              "region": "North-Virg"
            },
            "timeouts": null,
            "vpc_id": "vpc-03d806ad396aefba5"
          },
          "sensitive_attributes": [],
          "identity_schema_version": 0,
          "private": "eyJlMmJmYjczMC1lY2FhLTExZTYtOGY4OC0zNDM2M2JjN2M0YzAiOnsiY3JlYXRlIjo2MDAwMDAwMDAwMDAsImRlbGV0ZSI6MTIwMDAwMDAwMDAwMH0sInNjaGVtYV92ZXJzaW9uIjoiMSJ9",
          "dependencies": [
            "aws_subnet.public_subnet",
            "aws_vpc.vpc_virginia"
          ]
        },
        {
          "index_key": 1,
          "schema_version": 1,
          "attributes": {
            "arn": "arn:aws:ec2:us-east-1:741448930723:subnet/subnet-0bf15913a092e2800",
            "assign_ipv6_address_on_creation": false,
            "availability_zone": "us-east-1a",
            "availability_zone_id": "use1-az6",
            "cidr_block": "10.10.51.0/24",
            "customer_owned_ipv4_pool": "",
            "enable_dns64": false,
            "enable_resource_name_dns_a_record_on_launch": false,
            "enable_resource_name_dns_aaaa_record_on_launch": false,
            "id": "subnet-0bf15913a092e2800",
            "ipv6_cidr_block": "",
            "ipv6_cidr_block_association_id": "",
            "ipv6_native": false,
            "map_customer_owned_ip_on_launch": false,
            "map_public_ip_on_launch": false,
            "outpost_arn": "",
            "owner_id": "741448930723",
            "private_dns_hostname_type_on_launch": "ip-name",
            "tags": {
              "Name": "public-us-east-1b-personal-North-Virg-Dev"
            },
            "tags_all": {
              "IAC": "Terraform",
              "IAC_version": "v1.12.2",
              "Name": "public-us-east-1b-personal-North-Virg-Dev",
              "cloud": "AWS",
              "env": "Dev",
              "owner": "Marce",
              "proyecto": "personal",
              "region": "North-Virg"
            },
            "timeouts": null,
            "vpc_id": "vpc-03d806ad396aefba5"
          },
          "sensitive_attributes": [],
          "identity_schema_version": 0,
          "private": "eyJlMmJmYjczMC1lY2FhLTExZTYtOGY4OC0zNDM2M2JjN2M0YzAiOnsiY3JlYXRlIjo2MDAwMDAwMDAwMDAsImRlbGV0ZSI6MTIwMDAwMDAwMDAwMH0sInNjaGVtYV92ZXJzaW9uIjoiMSJ9",
          "dependencies": [
            "aws_subnet.public_subnet",
            "aws_vpc.vpc_virginia"
          ]
        }
      ]
    },
    {
      "mode": "managed",
      "type": "aws_subnet",
      "name": "public_subnet",
      "provider": "provider[\"registry.terraform.io/hashicorp/aws\"]",
      "instances": [
        {
          "index_key": 0,
          "schema_version": 1,
          "attributes": {
            "arn": "arn:aws:ec2:us-east-1:741448930723:subnet/subnet-013af6f970eff953d",
            "assign_ipv6_address_on_creation": false,
            "availability_zone": "us-east-1a",
            "availability_zone_id": "use1-az6",
            "cidr_block": "10.10.1.0/24",
            "customer_owned_ipv4_pool": "",
            "enable_dns64": false,
            "enable_resource_name_dns_a_record_on_launch": false,
            "enable_resource_name_dns_aaaa_record_on_launch": false,
            "id": "subnet-013af6f970eff953d",
            "ipv6_cidr_block": "",
            "ipv6_cidr_block_association_id": "",
            "ipv6_native": false,
            "map_customer_owned_ip_on_launch": false,
            "map_public_ip_on_launch": true,
            "outpost_arn": "",
            "owner_id": "741448930723",
            "private_dns_hostname_type_on_launch": "ip-name",
            "tags": {
              "Name": "public-us-east-1a-personal-North-Virg-Dev"
            },
            "tags_all": {
              "IAC": "Terraform",
              "IAC_version": "v1.12.2",
              "Name": "public-us-east-1a-personal-North-Virg-Dev",
              "cloud": "AWS",
              "env": "Dev",
              "owner": "Marce",
              "proyecto": "personal",
              "region": "North-Virg"
            },
            "timeouts": null,
            "vpc_id": "vpc-03d806ad396aefba5"
          },
          "sensitive_attributes": [],
          "identity_schema_version": 0,
          "private": "eyJlMmJmYjczMC1lY2FhLTExZTYtOGY4OC0zNDM2M2JjN2M0YzAiOnsiY3JlYXRlIjo2MDAwMDAwMDAwMDAsImRlbGV0ZSI6MTIwMDAwMDAwMDAwMH0sInNjaGVtYV92ZXJzaW9uIjoiMSJ9",
          "dependencies": [
            "aws_vpc.vpc_virginia"
          ]
        },
        {
          "index_key": 1,
          "schema_version": 1,
          "attributes": {
            "arn": "arn:aws:ec2:us-east-1:741448930723:subnet/subnet-04826af4f90f3fee9",
            "assign_ipv6_address_on_creation": false,
            "availability_zone": "us-east-1b",
            "availability_zone_id": "use1-az1",
            "cidr_block": "10.10.2.0/24",
            "customer_owned_ipv4_pool": "",
            "enable_dns64": false,
            "enable_resource_name_dns_a_record_on_launch": false,
            "enable_resource_name_dns_aaaa_record_on_launch": false,
            "id": "subnet-04826af4f90f3fee9",
            "ipv6_cidr_block": "",
            "ipv6_cidr_block_association_id": "",
            "ipv6_native": false,
            "map_customer_owned_ip_on_launch": false,
            "map_public_ip_on_launch": true,
            "outpost_arn": "",
            "owner_id": "741448930723",
            "private_dns_hostname_type_on_launch": "ip-name",
            "tags": {
              "Name": "public-us-east-1b-personal-North-Virg-Dev"
            },
            "tags_all": {
              "IAC": "Terraform",
              "IAC_version": "v1.12.2",
              "Name": "public-us-east-1b-personal-North-Virg-Dev",
              "cloud": "AWS",
              "env": "Dev",
              "owner": "Marce",
              "proyecto": "personal",
              "region": "North-Virg"
            },
            "timeouts": null,
            "vpc_id": "vpc-03d806ad396aefba5"
          },
          "sensitive_attributes": [],
          "identity_schema_version": 0,
          "private": "eyJlMmJmYjczMC1lY2FhLTExZTYtOGY4OC0zNDM2M2JjN2M0YzAiOnsiY3JlYXRlIjo2MDAwMDAwMDAwMDAsImRlbGV0ZSI6MTIwMDAwMDAwMDAwMH0sInNjaGVtYV92ZXJzaW9uIjoiMSJ9",
          "dependencies": [
            "aws_vpc.vpc_virginia"
          ]
        }
      ]
    },
    {
      "mode": "managed",
      "type": "aws_vpc",
      "name": "vpc_virginia",
      "provider": "provider[\"registry.terraform.io/hashicorp/aws\"]",
      "instances": [
        {
          "schema_version": 1,
          "attributes": {
            "arn": "arn:aws:ec2:us-east-1:741448930723:vpc/vpc-03d806ad396aefba5",
            "assign_generated_ipv6_cidr_block": false,
            "cidr_block": "10.10.0.0/16",
            "default_network_acl_id": "acl-0399a775e9f693716",
            "default_route_table_id": "rtb-0b185f6d74a2c1a02",
            "default_security_group_id": "sg-0f36a0eabcc466f1e",
            "dhcp_options_id": "dopt-00d6770b612a93c7d",
            "enable_classiclink": false,
            "enable_classiclink_dns_support": false,
            "enable_dns_hostnames": false,
            "enable_dns_support": true,
            "enable_network_address_usage_metrics": false,
            "id": "vpc-03d806ad396aefba5",
            "instance_tenancy": "default",
            "ipv4_ipam_pool_id": null,
            "ipv4_netmask_length": null,
            "ipv6_association_id": "",
            "ipv6_cidr_block": "",
            "ipv6_cidr_block_network_border_group": "",
            "ipv6_ipam_pool_id": "",
            "ipv6_netmask_length": 0,
            "main_route_table_id": "rtb-0b185f6d74a2c1a02",
            "owner_id": "741448930723",
            "tags": {
              "Name": "vpc_virginia-personal-North-Virg-Dev"
            },
            "tags_all": {
              "IAC": "Terraform",
              "IAC_version": "v1.12.2",
              "Name": "vpc_virginia-personal-North-Virg-Dev",
              "cloud": "AWS",
              "env": "Dev",
              "owner": "Marce",
              "proyecto": "personal",
              "region": "North-Virg"
            }
          },
          "sensitive_attributes": [],
          "identity_schema_version": 0,
          "private": "eyJzY2hlbWFfdmVyc2lvbiI6IjEifQ=="
        }
      ]
    },
    {
      "mode": "managed",
      "type": "random_string",
      "name": "sufijo-s3",
      "provider": "provider[\"registry.terraform.io/hashicorp/random\"]",
      "instances": [
        {
          "schema_version": 2,
          "attributes": {
            "id": "oa6i",
            "keepers": null,
            "length": 4,
            "lower": true,
            "min_lower": 0,
            "min_numeric": 0,
            "min_special": 0,
            "min_upper": 0,
            "number": true,
            "numeric": true,
            "override_special": null,
            "result": "oa6i",
            "special": false,
            "upper": false
          },
          "sensitive_attributes": [],
          "identity_schema_version": 0
        }
      ]
    },
    {
      "module": "module.cw_logs",
      "mode": "managed",
      "type": "aws_cloudwatch_log_group",
      "name": "asg_logs",
      "provider": "provider[\"registry.terraform.io/hashicorp/aws\"]",
      "instances": [
        {
          "schema_version": 0,
          "attributes": {
            "arn": "arn:aws:logs:us-east-1:741448930723:log-group:/ecs/asg/instance",
            "id": "/ecs/asg/instance",
            "kms_key_id": "",
            "name": "/ecs/asg/instance",
            "name_prefix": "",
            "retention_in_days": 14,
            "skip_destroy": false,
            "tags": null,
            "tags_all": {
              "IAC": "Terraform",
              "IAC_version": "v1.12.2",
              "cloud": "AWS",
              "env": "Dev",
              "owner": "Marce",
              "proyecto": "personal",
              "region": "North-Virg"
            }
          },
          "sensitive_attributes": [],
          "identity_schema_version": 0,
          "private": "bnVsbA=="
        }
      ]
    },
    {
      "module": "module.cw_logs",
      "mode": "managed",
      "type": "aws_iam_instance_profile",
      "name": "ec2_cw_agent_profile",
      "provider": "provider[\"registry.terraform.io/hashicorp/aws\"]",
      "instances": [
        {
          "schema_version": 0,
          "attributes": {
            "arn": "arn:aws:iam::741448930723:instance-profile/ec2-cloudwatch-agent-profile",
            "create_date": "2025-12-09T15:52:03Z",
            "id": "ec2-cloudwatch-agent-profile",
            "name": "ec2-cloudwatch-agent-profile",
            "name_prefix": null,
            "path": "/",
            "role": "ec2-cloudwatch-agent-role",
            "tags": null,
            "tags_all": {
              "IAC": "Terraform",
              "IAC_version": "v1.12.2",
              "cloud": "AWS",
              "env": "Dev",
              "owner": "Marce",
              "proyecto": "personal",
              "region": "North-Virg"
            },
            "unique_id": "AIPA2ZIOM2WR3DQMOBJLR"
          },
          "sensitive_attributes": [],
          "identity_schema_version": 0,
          "private": "bnVsbA==",
          "dependencies": [
            "module.cw_logs.aws_iam_role.ec2_cw_agent"
          ]
        }
      ]
    },
    {
      "module": "module.cw_logs",
      "mode": "managed",
      "type": "aws_iam_role",
      "name": "ec2_cw_agent",
      "provider": "provider[\"registry.terraform.io/hashicorp/aws\"]",
      "instances": [
        {
          "schema_version": 0,
          "attributes": {
            "arn": "arn:aws:iam::741448930723:role/ec2-cloudwatch-agent-role",
            "assume_role_policy": "{\"Statement\":[{\"Action\":\"sts:AssumeRole\",\"Effect\":\"Allow\",\"Principal\":{\"Service\":\"ec2.amazonaws.com\"}}],\"Version\":\"2012-10-17\"}",
            "create_date": "2025-12-09T15:52:01Z",
            "description": "",
            "force_detach_policies": false,
            "id": "ec2-cloudwatch-agent-role",
            "inline_policy": [],
            "managed_policy_arns": [],
            "max_session_duration": 3600,
            "name": "ec2-cloudwatch-agent-role",
            "name_prefix": "",
            "path": "/",
            "permissions_boundary": null,
            "tags": null,
            "tags_all": {
              "IAC": "Terraform",
              "IAC_version": "v1.12.2",
              "cloud": "AWS",
              "env": "Dev",
              "owner": "Marce",
              "proyecto": "personal",
              "region": "North-Virg"
            },
            "unique_id": "AROA2ZIOM2WR2OQVHEGMK"
          },
          "sensitive_attributes": [],
          "identity_schema_version": 0,
          "private": "bnVsbA=="
        }
      ]
    },
    {
      "module": "module.cw_logs",
      "mode": "managed",
      "type": "aws_iam_role_policy_attachment",
      "name": "cw_agent_attach",
      "provider": "provider[\"registry.terraform.io/hashicorp/aws\"]",
      "instances": [
        {
          "schema_version": 0,
          "attributes": {
            "id": "ec2-cloudwatch-agent-role-20251209155203674600000001",
            "policy_arn": "arn:aws:iam::aws:policy/CloudWatchAgentServerPolicy",
            "role": "ec2-cloudwatch-agent-role"
          },
          "sensitive_attributes": [],
          "identity_schema_version": 0,
          "private": "bnVsbA==",
          "dependencies": [
            "module.cw_logs.aws_iam_role.ec2_cw_agent"
          ]
        }
      ]
    },
    {
      "module": "module.monitoring",
      "mode": "managed",
      "type": "aws_autoscaling_policy",
      "name": "cpu_scale_in",
      "provider": "provider[\"registry.terraform.io/hashicorp/aws\"]",
      "instances": [
        {
          "schema_version": 0,
          "attributes": {
            "adjustment_type": "ChangeInCapacity",
            "arn": "arn:aws:autoscaling:us-east-1:741448930723:scalingPolicy:fb1e5461-e37a-454c-bd23-735c6c6bb014:autoScalingGroupName/asg_alb-personal-North-Virg-Dev:policyName/cpu-scale-in",
            "autoscaling_group_name": "asg_alb-personal-North-Virg-Dev",
            "cooldown": 180,
            "enabled": true,
            "estimated_instance_warmup": 0,
            "id": "cpu-scale-in",
            "metric_aggregation_type": "",
            "min_adjustment_magnitude": null,
            "name": "cpu-scale-in",
            "policy_type": "SimpleScaling",
            "predictive_scaling_configuration": [],
            "scaling_adjustment": -1,
            "step_adjustment": [],
            "target_tracking_configuration": []
          },
          "sensitive_attributes": [],
          "identity_schema_version": 0,
          "private": "bnVsbA==",
          "dependencies": [
            "aws_autoscaling_group.asg_alb",
            "aws_launch_template.template_virgina",
            "aws_lb_target_group.tg_alb",
            "aws_security_group.sg_alb",
            "aws_security_group.sg_asg",
            "aws_subnet.public_subnet",
            "aws_vpc.vpc_virginia",
            "module.cw_logs.aws_cloudwatch_log_group.asg_logs",
            "module.cw_logs.aws_iam_instance_profile.ec2_cw_agent_profile",
            "module.cw_logs.aws_iam_role.ec2_cw_agent"
          ]
        }
      ]
    },
    {
      "module": "module.monitoring",
      "mode": "managed",
      "type": "aws_autoscaling_policy",
      "name": "cpu_scale_out",
      "provider": "provider[\"registry.terraform.io/hashicorp/aws\"]",
      "instances": [
        {
          "schema_version": 0,
          "attributes": {
            "adjustment_type": "ChangeInCapacity",
            "arn": "arn:aws:autoscaling:us-east-1:741448930723:scalingPolicy:db1adee7-644f-4d7c-a768-22871bc37f2b:autoScalingGroupName/asg_alb-personal-North-Virg-Dev:policyName/cpu-scale-out",
            "autoscaling_group_name": "asg_alb-personal-North-Virg-Dev",
            "cooldown": 180,
            "enabled": true,
            "estimated_instance_warmup": 0,
            "id": "cpu-scale-out",
            "metric_aggregation_type": "",
            "min_adjustment_magnitude": null,
            "name": "cpu-scale-out",
            "policy_type": "SimpleScaling",
            "predictive_scaling_configuration": [],
            "scaling_adjustment": 1,
            "step_adjustment": [],
            "target_tracking_configuration": []
          },
          "sensitive_attributes": [],
          "identity_schema_version": 0,
          "private": "bnVsbA==",
          "dependencies": [
            "aws_autoscaling_group.asg_alb",
            "aws_launch_template.template_virgina",
            "aws_lb_target_group.tg_alb",
            "aws_security_group.sg_alb",
            "aws_security_group.sg_asg",
            "aws_subnet.public_subnet",
            "aws_vpc.vpc_virginia",
            "module.cw_logs.aws_cloudwatch_log_group.asg_logs",
            "module.cw_logs.aws_iam_instance_profile.ec2_cw_agent_profile",
            "module.cw_logs.aws_iam_role.ec2_cw_agent"
          ]
        }
      ]
    },
    {
      "module": "module.monitoring",
      "mode": "managed",
      "type": "aws_cloudwatch_dashboard",
      "name": "infra_dashboard",
      "provider": "provider[\"registry.terraform.io/hashicorp/aws\"]",
      "instances": [
        {
          "schema_version": 0,
          "attributes": {
            "dashboard_arn": "arn:aws:cloudwatch::741448930723:dashboard/infra-dashboard",
            "dashboard_body": "{\"widgets\":[{\"height\":6,\"properties\":{\"metrics\":[[\"AWS/EC2\",\"CPUUtilization\",\"AutoScalingGroupName\",\"asg_alb-personal-North-Virg-Dev\"]],\"period\":60,\"region\":\"us-east-1\",\"stat\":\"Average\",\"title\":\"ASG CPU Utilization\",\"view\":\"timeSeries\"},\"type\":\"metric\",\"width\":12,\"x\":0,\"y\":0},{\"height\":6,\"properties\":{\"metrics\":[[\"AWS/ApplicationELB\",\"UnHealthyHostCount\",\"TargetGroup\",\"targetgroup/tg-alb-personal-North-Virg-Dev/7539795bfdfff17c\",\"LoadBalancer\",\"app/alb-virg-personal-North-Virg-Dev/734c9914b19c8fff\"]],\"period\":60,\"region\":\"us-east-1\",\"stat\":\"Maximum\",\"title\":\"Unhealthy Hosts (Target Group)\",\"view\":\"timeSeries\"},\"type\":\"metric\",\"width\":12,\"x\":12,\"y\":0},{\"height\":6,\"properties\":{\"metrics\":[[\"AWS/ApplicationELB\",\"TargetResponseTime\",\"LoadBalancer\",\"app/alb-virg-personal-North-Virg-Dev/734c9914b19c8fff\"]],\"period\":60,\"region\":\"us-east-1\",\"stat\":\"Average\",\"title\":\"ALB Target Response Time\",\"view\":\"timeSeries\"},\"type\":\"metric\",\"width\":12,\"x\":0,\"y\":6},{\"height\":6,\"properties\":{\"metrics\":[[\"AWS/ApplicationELB\",\"RequestCount\",\"LoadBalancer\",\"app/alb-virg-personal-North-Virg-Dev/734c9914b19c8fff\"]],\"period\":60,\"region\":\"us-east-1\",\"stat\":\"Sum\",\"title\":\"ALB Request Count\",\"view\":\"timeSeries\"},\"type\":\"metric\",\"width\":12,\"x\":12,\"y\":6},{\"height\":6,\"properties\":{\"metrics\":[[\"AWS/ApplicationELB\",\"HTTPCode_ELB_5XX_Count\",\"LoadBalancer\",\"app/alb-virg-personal-North-Virg-Dev/734c9914b19c8fff\"]],\"period\":60,\"region\":\"us-east-1\",\"stat\":\"Sum\",\"title\":\"ALB 5XX Errors\",\"view\":\"timeSeries\"},\"type\":\"metric\",\"width\":24,\"x\":0,\"y\":12}]}",
            "dashboard_name": "infra-dashboard",
            "id": "infra-dashboard"
          },
          "sensitive_attributes": [],
          "identity_schema_version": 0,
          "private": "bnVsbA==",
          "dependencies": [
            "aws_autoscaling_group.asg_alb",
            "aws_launch_template.template_virgina",
            "aws_lb.alb_virginia",
            "aws_lb_target_group.tg_alb",
            "aws_s3_bucket.alb_logs",
            "aws_security_group.sg_alb",
            "aws_security_group.sg_asg",
            "aws_subnet.public_subnet",
            "aws_vpc.vpc_virginia",
            "module.cw_logs.aws_cloudwatch_log_group.asg_logs",
            "module.cw_logs.aws_iam_instance_profile.ec2_cw_agent_profile",
            "module.cw_logs.aws_iam_role.ec2_cw_agent",
            "random_string.sufijo-s3"
          ]
        }
      ]
    },
    {
      "module": "module.monitoring",
      "mode": "managed",
      "type": "aws_cloudwatch_metric_alarm",
      "name": "alb_5xx",
      "provider": "provider[\"registry.terraform.io/hashicorp/aws\"]",
      "instances": [
        {
          "schema_version": 1,
          "attributes": {
            "actions_enabled": true,
            "alarm_actions": [
              "arn:aws:sns:us-east-1:741448930723:monitoring-alerts"
            ],
            "alarm_description": "",
            "alarm_name": "alb-5xx-errors",
            "arn": "arn:aws:cloudwatch:us-east-1:741448930723:alarm:alb-5xx-errors",
            "comparison_operator": "GreaterThanThreshold",
            "datapoints_to_alarm": 0,
            "dimensions": {
              "LoadBalancer": "app/alb-virg-personal-North-Virg-Dev/734c9914b19c8fff"
            },
            "evaluate_low_sample_count_percentiles": "",
            "evaluation_periods": 1,
            "extended_statistic": "",
            "id": "alb-5xx-errors",
            "insufficient_data_actions": null,
            "metric_name": "HTTPCode_ELB_5XX_Count",
            "metric_query": [],
            "namespace": "AWS/ApplicationELB",
            "ok_actions": null,
            "period": 60,
            "statistic": "Sum",
            "tags": null,
            "tags_all": {
              "IAC": "Terraform",
              "IAC_version": "v1.12.2",
              "cloud": "AWS",
              "env": "Dev",
              "owner": "Marce",
              "proyecto": "personal",
              "region": "North-Virg"
            },
            "threshold": 1,
            "threshold_metric_id": "",
            "treat_missing_data": "notBreaching",
            "unit": ""
          },
          "sensitive_attributes": [],
          "identity_schema_version": 0,
          "private": "eyJzY2hlbWFfdmVyc2lvbiI6IjEifQ==",
          "dependencies": [
            "aws_lb.alb_virginia",
            "aws_s3_bucket.alb_logs",
            "aws_security_group.sg_alb",
            "aws_subnet.public_subnet",
            "aws_vpc.vpc_virginia",
            "module.monitoring.aws_sns_topic.alerts",
            "random_string.sufijo-s3"
          ]
        }
      ]
    },
    {
      "module": "module.monitoring",
      "mode": "managed",
      "type": "aws_cloudwatch_metric_alarm",
      "name": "alb_response",
      "provider": "provider[\"registry.terraform.io/hashicorp/aws\"]",
      "instances": [
        {
          "schema_version": 1,
          "attributes": {
            "actions_enabled": true,
            "alarm_actions": [
              "arn:aws:sns:us-east-1:741448930723:monitoring-alerts"
            ],
            "alarm_description": "",
            "alarm_name": "alb-high-response",
            "arn": "arn:aws:cloudwatch:us-east-1:741448930723:alarm:alb-high-response",
            "comparison_operator": "GreaterThanThreshold",
            "datapoints_to_alarm": 0,
            "dimensions": {
              "LoadBalancer": "app/alb-virg-personal-North-Virg-Dev/734c9914b19c8fff"
            },
            "evaluate_low_sample_count_percentiles": "",
            "evaluation_periods": 2,
            "extended_statistic": "",
            "id": "alb-high-response",
            "insufficient_data_actions": null,
            "metric_name": "TargetResponseTime",
            "metric_query": [],
            "namespace": "AWS/ApplicationELB",
            "ok_actions": null,
            "period": 60,
            "statistic": "Average",
            "tags": null,
            "tags_all": {
              "IAC": "Terraform",
              "IAC_version": "v1.12.2",
              "cloud": "AWS",
              "env": "Dev",
              "owner": "Marce",
              "proyecto": "personal",
              "region": "North-Virg"
            },
            "threshold": 1,
            "threshold_metric_id": "",
            "treat_missing_data": "notBreaching",
            "unit": ""
          },
          "sensitive_attributes": [],
          "identity_schema_version": 0,
          "private": "eyJzY2hlbWFfdmVyc2lvbiI6IjEifQ==",
          "dependencies": [
            "aws_lb.alb_virginia",
            "aws_s3_bucket.alb_logs",
            "aws_security_group.sg_alb",
            "aws_subnet.public_subnet",
            "aws_vpc.vpc_virginia",
            "module.monitoring.aws_sns_topic.alerts",
            "random_string.sufijo-s3"
          ]
        }
      ]
    },
    {
      "module": "module.monitoring",
      "mode": "managed",
      "type": "aws_cloudwatch_metric_alarm",
      "name": "asg_cpu",
      "provider": "provider[\"registry.terraform.io/hashicorp/aws\"]",
      "instances": [
        {
          "schema_version": 1,
          "attributes": {
            "actions_enabled": true,
            "alarm_actions": [
              "arn:aws:autoscaling:us-east-1:741448930723:scalingPolicy:db1adee7-644f-4d7c-a768-22871bc37f2b:autoScalingGroupName/asg_alb-personal-North-Virg-Dev:policyName/cpu-scale-out",
              "arn:aws:sns:us-east-1:741448930723:monitoring-alerts"
            ],
            "alarm_description": "",
            "alarm_name": "asg-cpu-high",
            "arn": "arn:aws:cloudwatch:us-east-1:741448930723:alarm:asg-cpu-high",
            "comparison_operator": "GreaterThanThreshold",
            "datapoints_to_alarm": 2,
            "dimensions": {
              "AutoScalingGroupName": "asg_alb-personal-North-Virg-Dev"
            },
            "evaluate_low_sample_count_percentiles": "",
            "evaluation_periods": 3,
            "extended_statistic": "",
            "id": "asg-cpu-high",
            "insufficient_data_actions": null,
            "metric_name": "CPUUtilization",
            "metric_query": [],
            "namespace": "AWS/EC2",
            "ok_actions": null,
            "period": 60,
            "statistic": "Average",
            "tags": null,
            "tags_all": {
              "IAC": "Terraform",
              "IAC_version": "v1.12.2",
              "cloud": "AWS",
              "env": "Dev",
              "owner": "Marce",
              "proyecto": "personal",
              "region": "North-Virg"
            },
            "threshold": 70,
            "threshold_metric_id": "",
            "treat_missing_data": "notBreaching",
            "unit": ""
          },
          "sensitive_attributes": [],
          "identity_schema_version": 0,
          "private": "eyJzY2hlbWFfdmVyc2lvbiI6IjEifQ==",
          "dependencies": [
            "aws_autoscaling_group.asg_alb",
            "aws_launch_template.template_virgina",
            "aws_lb_target_group.tg_alb",
            "aws_security_group.sg_alb",
            "aws_security_group.sg_asg",
            "aws_subnet.public_subnet",
            "aws_vpc.vpc_virginia",
            "module.cw_logs.aws_cloudwatch_log_group.asg_logs",
            "module.cw_logs.aws_iam_instance_profile.ec2_cw_agent_profile",
            "module.cw_logs.aws_iam_role.ec2_cw_agent",
            "module.monitoring.aws_autoscaling_policy.cpu_scale_out",
            "module.monitoring.aws_sns_topic.alerts"
          ]
        }
      ]
    },
    {
      "module": "module.monitoring",
      "mode": "managed",
      "type": "aws_cloudwatch_metric_alarm",
      "name": "cpu_low",
      "provider": "provider[\"registry.terraform.io/hashicorp/aws\"]",
      "instances": [
        {
          "schema_version": 1,
          "attributes": {
            "actions_enabled": true,
            "alarm_actions": [
              "arn:aws:autoscaling:us-east-1:741448930723:scalingPolicy:fb1e5461-e37a-454c-bd23-735c6c6bb014:autoScalingGroupName/asg_alb-personal-North-Virg-Dev:policyName/cpu-scale-in",
              "arn:aws:sns:us-east-1:741448930723:monitoring-alerts"
            ],
            "alarm_description": "",
            "alarm_name": "asg-cpu-low",
            "arn": "arn:aws:cloudwatch:us-east-1:741448930723:alarm:asg-cpu-low",
            "comparison_operator": "LessThanThreshold",
            "datapoints_to_alarm": 0,
            "dimensions": {
              "AutoScalingGroupName": "asg_alb-personal-North-Virg-Dev"
            },
            "evaluate_low_sample_count_percentiles": "",
            "evaluation_periods": 2,
            "extended_statistic": "",
            "id": "asg-cpu-low",
            "insufficient_data_actions": null,
            "metric_name": "CPUUtilization",
            "metric_query": [],
            "namespace": "AWS/EC2",
            "ok_actions": null,
            "period": 60,
            "statistic": "Average",
            "tags": null,
            "tags_all": {
              "IAC": "Terraform",
              "IAC_version": "v1.12.2",
              "cloud": "AWS",
              "env": "Dev",
              "owner": "Marce",
              "proyecto": "personal",
              "region": "North-Virg"
            },
            "threshold": 30,
            "threshold_metric_id": "",
            "treat_missing_data": "notBreaching",
            "unit": ""
          },
          "sensitive_attributes": [],
          "identity_schema_version": 0,
          "private": "eyJzY2hlbWFfdmVyc2lvbiI6IjEifQ==",
          "dependencies": [
            "aws_autoscaling_group.asg_alb",
            "aws_launch_template.template_virgina",
            "aws_lb_target_group.tg_alb",
            "aws_security_group.sg_alb",
            "aws_security_group.sg_asg",
            "aws_subnet.public_subnet",
            "aws_vpc.vpc_virginia",
            "module.cw_logs.aws_cloudwatch_log_group.asg_logs",
            "module.cw_logs.aws_iam_instance_profile.ec2_cw_agent_profile",
            "module.cw_logs.aws_iam_role.ec2_cw_agent",
            "module.monitoring.aws_autoscaling_policy.cpu_scale_in",
            "module.monitoring.aws_sns_topic.alerts"
          ]
        }
      ]
    },
    {
      "module": "module.monitoring",
      "mode": "managed",
      "type": "aws_cloudwatch_metric_alarm",
      "name": "tg_unhealthy",
      "provider": "provider[\"registry.terraform.io/hashicorp/aws\"]",
      "instances": [
        {
          "schema_version": 1,
          "attributes": {
            "actions_enabled": true,
            "alarm_actions": [
              "arn:aws:sns:us-east-1:741448930723:monitoring-alerts"
            ],
            "alarm_description": "",
            "alarm_name": "tg-unhealthy-hosts",
            "arn": "arn:aws:cloudwatch:us-east-1:741448930723:alarm:tg-unhealthy-hosts",
            "comparison_operator": "GreaterThanThreshold",
            "datapoints_to_alarm": 0,
            "dimensions": {
              "LoadBalancer": "app/alb-virg-personal-North-Virg-Dev/734c9914b19c8fff",
              "TargetGroup": "targetgroup/tg-alb-personal-North-Virg-Dev/7539795bfdfff17c"
            },
            "evaluate_low_sample_count_percentiles": "",
            "evaluation_periods": 1,
            "extended_statistic": "",
            "id": "tg-unhealthy-hosts",
            "insufficient_data_actions": null,
            "metric_name": "UnHealthyHostCount",
            "metric_query": [],
            "namespace": "AWS/ApplicationELB",
            "ok_actions": null,
            "period": 60,
            "statistic": "Maximum",
            "tags": null,
            "tags_all": {
              "IAC": "Terraform",
              "IAC_version": "v1.12.2",
              "cloud": "AWS",
              "env": "Dev",
              "owner": "Marce",
              "proyecto": "personal",
              "region": "North-Virg"
            },
            "threshold": 0,
            "threshold_metric_id": "",
            "treat_missing_data": "notBreaching",
            "unit": ""
          },
          "sensitive_attributes": [],
          "identity_schema_version": 0,
          "private": "eyJzY2hlbWFfdmVyc2lvbiI6IjEifQ==",
          "dependencies": [
            "aws_lb.alb_virginia",
            "aws_lb_target_group.tg_alb",
            "aws_s3_bucket.alb_logs",
            "aws_security_group.sg_alb",
            "aws_subnet.public_subnet",
            "aws_vpc.vpc_virginia",
            "module.monitoring.aws_sns_topic.alerts",
            "random_string.sufijo-s3"
          ]
        }
      ]
    },
    {
      "module": "module.monitoring",
      "mode": "managed",
      "type": "aws_sns_topic",
      "name": "alerts",
      "provider": "provider[\"registry.terraform.io/hashicorp/aws\"]",
      "instances": [
        {
          "schema_version": 0,
          "attributes": {
            "application_failure_feedback_role_arn": "",
            "application_success_feedback_role_arn": "",
            "application_success_feedback_sample_rate": 0,
            "arn": "arn:aws:sns:us-east-1:741448930723:monitoring-alerts",
            "content_based_deduplication": false,
            "delivery_policy": "",
            "display_name": "",
            "fifo_topic": false,
            "firehose_failure_feedback_role_arn": "",
            "firehose_success_feedback_role_arn": "",
            "firehose_success_feedback_sample_rate": 0,
            "http_failure_feedback_role_arn": "",
            "http_success_feedback_role_arn": "",
            "http_success_feedback_sample_rate": 0,
            "id": "arn:aws:sns:us-east-1:741448930723:monitoring-alerts",
            "kms_master_key_id": "",
            "lambda_failure_feedback_role_arn": "",
            "lambda_success_feedback_role_arn": "",
            "lambda_success_feedback_sample_rate": 0,
            "name": "monitoring-alerts",
            "name_prefix": "",
            "owner": "741448930723",
            "policy": "{\"Id\":\"__default_policy_ID\",\"Statement\":[{\"Action\":[\"SNS:GetTopicAttributes\",\"SNS:SetTopicAttributes\",\"SNS:AddPermission\",\"SNS:RemovePermission\",\"SNS:DeleteTopic\",\"SNS:Subscribe\",\"SNS:ListSubscriptionsByTopic\",\"SNS:Publish\"],\"Condition\":{\"StringEquals\":{\"AWS:SourceOwner\":\"741448930723\"}},\"Effect\":\"Allow\",\"Principal\":{\"AWS\":\"*\"},\"Resource\":\"arn:aws:sns:us-east-1:741448930723:monitoring-alerts\",\"Sid\":\"__default_statement_ID\"}],\"Version\":\"2008-10-17\"}",
            "sqs_failure_feedback_role_arn": "",
            "sqs_success_feedback_role_arn": "",
            "sqs_success_feedback_sample_rate": 0,
            "tags": null,
            "tags_all": {
              "IAC": "Terraform",
              "IAC_version": "v1.12.2",
              "cloud": "AWS",
              "env": "Dev",
              "owner": "Marce",
              "proyecto": "personal",
              "region": "North-Virg"
            }
          },
          "sensitive_attributes": [],
          "identity_schema_version": 0,
          "private": "bnVsbA=="
        }
      ]
    },
    {
      "module": "module.monitoring",
      "mode": "managed",
      "type": "aws_sns_topic_subscription",
      "name": "email",
      "provider": "provider[\"registry.terraform.io/hashicorp/aws\"]",
      "instances": [
        {
          "schema_version": 0,
          "attributes": {
            "arn": "arn:aws:sns:us-east-1:741448930723:monitoring-alerts:2af467a8-2674-44f5-b043-fd7fb36fadcb",
            "confirmation_timeout_in_minutes": 1,
            "confirmation_was_authenticated": false,
            "delivery_policy": "",
            "endpoint": "marcegc84@gmail.com",
            "endpoint_auto_confirms": false,
            "filter_policy": "",
            "filter_policy_scope": "",
            "id": "arn:aws:sns:us-east-1:741448930723:monitoring-alerts:2af467a8-2674-44f5-b043-fd7fb36fadcb",
            "owner_id": "741448930723",
            "pending_confirmation": true,
            "protocol": "email",
            "raw_message_delivery": false,
            "redrive_policy": "",
            "subscription_role_arn": "",
            "topic_arn": "arn:aws:sns:us-east-1:741448930723:monitoring-alerts"
          },
          "sensitive_attributes": [],
          "identity_schema_version": 0,
          "private": "bnVsbA==",
          "dependencies": [
            "module.monitoring.aws_sns_topic.alerts"
          ]
        }
      ]
    }
  ],
  "check_results": null
}
